
Microsoft Visual Studio Solution File, Format Version 12.00
# Visual Studio 15
VisualStudioVersion = 15.0.26430.16
MinimumVisualStudioVersion = 10.0.40219.1
Project("{FAE04EC0-301F-11D3-BF4B-00C04F79EFBC}") = "TestAspNetWebApplication", "TestAspNetWebApplication\TestAspNetWebApplication.csproj", "{86737939-B128-44F5-A3CB-0CB84F74DCEB}"
EndProject
Global
	GlobalSection(SolutionConfigurationPlatforms) = preSolution
		Debug|Any CPU = Debug|Any CPU
		Release|Any CPU = Release|Any CPU
	EndGlobalSection
	GlobalSection(ProjectConfigurationPlatforms) = postSolution
		{86737939-B128-44F5-A3CB-0CB84F74DCEB}.Debug|Any CPU.ActiveCfg = Debug|Any CPU
		{86737939-B128-44F5-A3CB-0CB84F74DCEB}.Debug|Any CPU.Build.0 = Debug|Any CPU
		{86737939-B128-44F5-A3CB-0CB84F74DCEB}.Release|Any CPU.ActiveCfg = Release|Any CPU
		{86737939-B128-44F5-A3CB-0CB84F74DCEB}.Release|Any CPU.Build.0 = Release|Any CPU
	EndGlobalSection
	GlobalSection(SolutionProperties) = preSolution
		HideSolutionNode = FALSE
	EndGlobalSection
EndGlobal
